// !$*UTF8*$!
{
	archiveVersion = 1;
	classes = {
	};
	objectVersion = 46;
	objects = {

/* Begin PBXBuildFile section */
		CDCD85C41C6E3690000E8CD2 /* AppDelegate.swift in Sources */ = {isa = PBXBuildFile; fileRef = CDCD85C31C6E3690000E8CD2 /* AppDelegate.swift */; };
		CDCD85C61C6E3690000E8CD2 /* ViewController.swift in Sources */ = {isa = PBXBuildFile; fileRef = CDCD85C51C6E3690000E8CD2 /* ViewController.swift */; };
		CDCD85C91C6E3690000E8CD2 /* Main.storyboard in Resources */ = {isa = PBXBuildFile; fileRef = CDCD85C71C6E3690000E8CD2 /* Main.storyboard */; };
		CDCD85CB1C6E3690000E8CD2 /* Assets.xcassets in Resources */ = {isa = PBXBuildFile; fileRef = CDCD85CA1C6E3690000E8CD2 /* Assets.xcassets */; };
		CDCD85CE1C6E3690000E8CD2 /* LaunchScreen.storyboard in Resources */ = {isa = PBXBuildFile; fileRef = CDCD85CC1C6E3690000E8CD2 /* LaunchScreen.storyboard */; };
		CDCD85D91C6E3690000E8CD2 /* tvenkatTests.swift in Sources */ = {isa = PBXBuildFile; fileRef = CDCD85D81C6E3690000E8CD2 /* tvenkatTests.swift */; };
		CDCD85E41C6E3690000E8CD2 /* tvenkatUITests.swift in Sources */ = {isa = PBXBuildFile; fileRef = CDCD85E31C6E3690000E8CD2 /* tvenkatUITests.swift */; };
/* End PBXBuildFile section */

/* Begin PBXContainerItemProxy section */
		CDCD85D51C6E3690000E8CD2 /* PBXContainerItemProxy */ = {
			isa = PBXContainerItemProxy;
			containerPortal = CDCD85B81C6E3690000E8CD2 /* Project object */;
			proxyType = 1;
			remoteGlobalIDString = CDCD85BF1C6E3690000E8CD2;
			remoteInfo = tvenkat;
		};
		CDCD85E01C6E3690000E8CD2 /* PBXContainerItemProxy */ = {
			isa = PBXContainerItemProxy;
			containerPortal = CDCD85B81C6E3690000E8CD2 /* Project object */;
			proxyType = 1;
			remoteGlobalIDString = CDCD85BF1C6E3690000E8CD2;
			remoteInfo = tvenkat;
		};
/* End PBXContainerItemProxy section */

/* Begin PBXFileReference section */
		CDCD85C01C6E3690000E8CD2 /* tvenkat.app */ = {isa = PBXFileReference; explicitFileType = wrapper.application; includeInIndex = 0; path = tvenkat.app; sourceTree = BUILT_PRODUCTS_DIR; };
		CDCD85C31C6E3690000E8CD2 /* AppDelegate.swift */ = {isa = PBXFileReference; lastKnownFileType = sourcecode.swift; path = AppDelegate.swift; sourceTree = "<group>"; };
		CDCD85C51C6E3690000E8CD2 /* ViewController.swift */ = {isa = PBXFileReference; lastKnownFileType = sourcecode.swift; path = ViewController.swift; sourceTree = "<group>"; };
		CDCD85C81C6E3690000E8CD2 /* Base */ = {isa = PBXFileReference; lastKnownFileType = file.storyboard; name = Base; path = Base.lproj/Main.storyboard; sourceTree = "<group>"; };
		CDCD85CA1C6E3690000E8CD2 /* Assets.xcassets */ = {isa = PBXFileReference; lastKnownFileType = folder.assetcatalog; path = Assets.xcassets; sourceTree = "<group>"; };
		CDCD85CD1C6E3690000E8CD2 /* Base */ = {isa = PBXFileReference; lastKnownFileType = file.storyboard; name = Base; path = Base.lproj/LaunchScreen.storyboard; sourceTree = "<group>"; };
		CDCD85CF1C6E3690000E8CD2 /* Info.plist */ = {isa = PBXFileReference; lastKnownFileType = text.plist.xml; path = Info.plist; sourceTree = "<group>"; };
		CDCD85D41C6E3690000E8CD2 /* tvenkatTests.xctest */ = {isa = PBXFileReference; explicitFileType = wrapper.cfbundle; includeInIndex = 0; path = tvenkatTests.xctest; sourceTree = BUILT_PRODUCTS_DIR; };
		CDCD85D81C6E3690000E8CD2 /* tvenkatTests.swift */ = {isa = PBXFileReference; lastKnownFileType = sourcecode.swift; path = tvenkatTests.swift; sourceTree = "<group>"; };
		CDCD85DA1C6E3690000E8CD2 /* Info.plist */ = {isa = PBXFileReference; lastKnownFileType = text.plist.xml; path = Info.plist; sourceTree = "<group>"; };
		CDCD85DF1C6E3690000E8CD2 /* tvenkatUITests.xctest */ = {isa = PBXFileReference; explicitFileType = wrapper.cfbundle; includeInIndex = 0; path = tvenkatUITests.xctest; sourceTree = BUILT_PRODUCTS_DIR; };
		CDCD85E31C6E3690000E8CD2 /* tvenkatUITests.swift */ = {isa = PBXFileReference; lastKnownFileType = sourcecode.swift; path = tvenkatUITests.swift; sourceTree = "<group>"; };
		CDCD85E51C6E3690000E8CD2 /* Info.plist */ = {isa = PBXFileReference; lastKnownFileType = text.plist.xml; path = Info.plist; sourceTree = "<group>"; };
		CDEDD8771C6FF95F00ACE86B /* tvenkat.entitlements */ = {isa = PBXFileReference; lastKnownFileType = text.xml; path = tvenkat.entitlements; sourceTree = "<group>"; };
/* End PBXFileReference section */

/* Begin PBXFrameworksBuildPhase section */
		CDCD85BD1C6E3690000E8CD2 /* Frameworks */ = {
			isa = PBXFrameworksBuildPhase;
			buildActionMask = 2147483647;
			files = (
			);
			runOnlyForDeploymentPostprocessing = 0;
		};
		CDCD85D11C6E3690000E8CD2 /* Frameworks */ = {
			isa = PBXFrameworksBuildPhase;
			buildActionMask = 2147483647;
			files = (
			);
			runOnlyForDeploymentPostprocessing = 0;
		};
		CDCD85DC1C6E3690000E8CD2 /* Frameworks */ = {
			isa = PBXFrameworksBuildPhase;
			buildActionMask = 2147483647;
			files = (
			);
			runOnlyForDeploymentPostprocessing = 0;
		};
/* End PBXFrameworksBuildPhase section */

/* Begin PBXGroup section */
		CDCD85B71C6E3690000E8CD2 = {
			isa = PBXGroup;
			children = (
				CDCD85C21C6E3690000E8CD2 /* tvenkat */,
				CDCD85D71C6E3690000E8CD2 /* tvenkatTests */,
				CDCD85E21C6E3690000E8CD2 /* tvenkatUITests */,
				CDCD85C11C6E3690000E8CD2 /* Products */,
			);
			sourceTree = "<group>";
		};
		CDCD85C11C6E3690000E8CD2 /* Products */ = {
			isa = PBXGroup;
			children = (
				CDCD85C01C6E3690000E8CD2 /* tvenkat.app */,
				CDCD85D41C6E3690000E8CD2 /* tvenkatTests.xctest */,
				CDCD85DF1C6E3690000E8CD2 /* tvenkatUITests.xctest */,
			);
			name = Products;
			sourceTree = "<group>";
		};
		CDCD85C21C6E3690000E8CD2 /* tvenkat */ = {
			isa = PBXGroup;
			children = (
				CDEDD8771C6FF95F00ACE86B /* tvenkat.entitlements */,
				CDCD85C31C6E3690000E8CD2 /* AppDelegate.swift */,
				CDCD85C51C6E3690000E8CD2 /* ViewController.swift */,
				CDCD85C71C6E3690000E8CD2 /* Main.storyboard */,
				CDCD85CA1C6E3690000E8CD2 /* Assets.xcassets */,
				CDCD85CC1C6E3690000E8CD2 /* LaunchScreen.storyboard */,
				CDCD85CF1C6E3690000E8CD2 /* Info.plist */,
			);
			path = tvenkat;
			sourceTree = "<group>";
		};
		CDCD85D71C6E3690000E8CD2 /* tvenkatTests */ = {
			isa = PBXGroup;
			children = (
				CDCD85D81C6E3690000E8CD2 /* tvenkatTests.swift */,
				CDCD85DA1C6E3690000E8CD2 /* Info.plist */,
			);
			path = tvenkatTests;
			sourceTree = "<group>";
		};
		CDCD85E21C6E3690000E8CD2 /* tvenkatUITests */ = {
			isa = PBXGroup;
			children = (
				CDCD85E31C6E3690000E8CD2 /* tvenkatUITests.swift */,
				CDCD85E51C6E3690000E8CD2 /* Info.plist */,
			);
			path = tvenkatUITests;
			sourceTree = "<group>";
		};
/* End PBXGroup section */

/* Begin PBXNativeTarget section */
		CDCD85BF1C6E3690000E8CD2 /* tvenkat */ = {
			isa = PBXNativeTarget;
			buildConfigurationList = CDCD85E81C6E3690000E8CD2 /* Build configuration list for PBXNativeTarget "tvenkat" */;
			buildPhases = (
				CDCD85BC1C6E3690000E8CD2 /* Sources */,
				CDCD85BD1C6E3690000E8CD2 /* Frameworks */,
				CDCD85BE1C6E3690000E8CD2 /* Resources */,
			);
			buildRules = (
			);
			dependencies = (
			);
			name = tvenkat;
			productName = tvenkat;
			productReference = CDCD85C01C6E3690000E8CD2 /* tvenkat.app */;
			productType = "com.apple.product-type.application";
		};
		CDCD85D31C6E3690000E8CD2 /* tvenkatTests */ = {
			isa = PBXNativeTarget;
			buildConfigurationList = CDCD85EB1C6E3690000E8CD2 /* Build configuration list for PBXNativeTarget "tvenkatTests" */;
			buildPhases = (
				CDCD85D01C6E3690000E8CD2 /* Sources */,
				CDCD85D11C6E3690000E8CD2 /* Frameworks */,
				CDCD85D21C6E3690000E8CD2 /* Resources */,
			);
			buildRules = (
			);
			dependencies = (
				CDCD85D61C6E3690000E8CD2 /* PBXTargetDependency */,
			);
			name = tvenkatTests;
			productName = tvenkatTests;
			productReference = CDCD85D41C6E3690000E8CD2 /* tvenkatTests.xctest */;
			productType = "com.apple.product-type.bundle.unit-test";
		};
		CDCD85DE1C6E3690000E8CD2 /* tvenkatUITests */ = {
			isa = PBXNativeTarget;
			buildConfigurationList = CDCD85EE1C6E3690000E8CD2 /* Build configuration list for PBXNativeTarget "tvenkatUITests" */;
			buildPhases = (
				CDCD85DB1C6E3690000E8CD2 /* Sources */,
				CDCD85DC1C6E3690000E8CD2 /* Frameworks */,
				CDCD85DD1C6E3690000E8CD2 /* Resources */,
			);
			buildRules = (
			);
			dependencies = (
				CDCD85E11C6E3690000E8CD2 /* PBXTargetDependency */,
			);
			name = tvenkatUITests;
			productName = tvenkatUITests;
			productReference = CDCD85DF1C6E3690000E8CD2 /* tvenkatUITests.xctest */;
			productType = "com.apple.product-type.bundle.ui-testing";
		};
/* End PBXNativeTarget section */

/* Begin PBXProject section */
		CDCD85B81C6E3690000E8CD2 /* Project object */ = {
			isa = PBXProject;
			attributes = {
				LastSwiftUpdateCheck = 0720;
				LastUpgradeCheck = 0720;
				ORGANIZATIONNAME = www.tvenkat.com;
				TargetAttributes = {
					CDCD85BF1C6E3690000E8CD2 = {
						CreatedOnToolsVersion = 7.2.1;
						DevelopmentTeam = 8VT7S7H2NS;
						SystemCapabilities = {
							com.apple.Maps.iOS = {
								enabled = 0;
							};
							com.apple.Push = {
								enabled = 0;
							};
							com.apple.SafariKeychain = {
								enabled = 1;
							};
							com.apple.WAC = {
								enabled = 0;
							};
							com.apple.iCloud = {
								enabled = 0;
							};
						};
					};
					CDCD85D31C6E3690000E8CD2 = {
						CreatedOnToolsVersion = 7.2.1;
						TestTargetID = CDCD85BF1C6E3690000E8CD2;
					};
					CDCD85DE1C6E3690000E8CD2 = {
						CreatedOnToolsVersion = 7.2.1;
						TestTargetID = CDCD85BF1C6E3690000E8CD2;
					};
				};
			};
			buildConfigurationList = CDCD85BB1C6E3690000E8CD2 /* Build configuration list for PBXProject "tvenkat" */;
			compatibilityVersion = "Xcode 3.2";
			developmentRegion = English;
			hasScannedForEncodings = 0;
			knownRegions = (
				en,
				Base,
			);
			mainGroup = CDCD85B71C6E3690000E8CD2;
			productRefGroup = CDCD85C11C6E3690000E8CD2 /* Products */;
			projectDirPath = "";
			projectRoot = "";
			targets = (
				CDCD85BF1C6E3690000E8CD2 /* tvenkat */,
				CDCD85D31C6E3690000E8CD2 /* tvenkatTests */,
				CDCD85DE1C6E3690000E8CD2 /* tvenkatUITests */,
			);
		};
/* End PBXProject section */

/* Begin PBXResourcesBuildPhase section */
		CDCD85BE1C6E3690000E8CD2 /* Resources */ = {
			isa = PBXResourcesBuildPhase;
			buildActionMask = 2147483647;
			files = (
				CDCD85CE1C6E3690000E8CD2 /* LaunchScreen.storyboard in Resources */,
				CDCD85CB1C6E3690000E8CD2 /* Assets.xcassets in Resources */,
				CDCD85C91C6E3690000E8CD2 /* Main.storyboard in Resources */,
			);
			runOnlyForDeploymentPostprocessing = 0;
		};
		CDCD85D21C6E3690000E8CD2 /* Resources */ = {
			isa = PBXResourcesBuildPhase;
			buildActionMask = 2147483647;
			files = (
			);
			runOnlyForDeploymentPostprocessing = 0;
		};
		CDCD85DD1C6E3690000E8CD2 /* Resources */ = {
			isa = PBXResourcesBuildPhase;
			buildActionMask = 2147483647;
			files = (
			);
			runOnlyForDeploymentPostprocessing = 0;
		};
/* End PBXResourcesBuildPhase section */

/* Begin PBXSourcesBuildPhase section */
		CDCD85BC1C6E3690000E8CD2 /* Sources */ = {
			isa = PBXSourcesBuildPhase;
			buildActionMask = 2147483647;
			files = (
				CDCD85C61C6E3690000E8CD2 /* ViewController.swift in Sources */,
				CDCD85C41C6E3690000E8CD2 /* AppDelegate.swift in Sources */,
			);
			runOnlyForDeploymentPostprocessing = 0;
		};
		CDCD85D01C6E3690000E8CD2 /* Sources */ = {
			isa = PBXSourcesBuildPhase;
			buildActionMask = 2147483647;
			files = (
				CDCD85D91C6E3690000E8CD2 /* tvenkatTests.swift in Sources */,
			);
			runOnlyForDeploymentPostprocessing = 0;
		};
		CDCD85DB1C6E3690000E8CD2 /* Sources */ = {
			isa = PBXSourcesBuildPhase;
			buildActionMask = 2147483647;
			files = (
				CDCD85E41C6E3690000E8CD2 /* tvenkatUITests.swift in Sources */,
			);
			runOnlyForDeploymentPostprocessing = 0;
		};
/* End PBXSourcesBuildPhase section */

/* Begin PBXTargetDependency section */
		CDCD85D61C6E3690000E8CD2 /* PBXTargetDependency */ = {
			isa = PBXTargetDependency;
			target = CDCD85BF1C6E3690000E8CD2 /* tvenkat */;
			targetProxy = CDCD85D51C6E3690000E8CD2 /* PBXContainerItemProxy */;
		};
		CDCD85E11C6E3690000E8CD2 /* PBXTargetDependency */ = {
			isa = PBXTargetDependency;
			target = CDCD85BF1C6E3690000E8CD2 /* tvenkat */;
			targetProxy = CDCD85E01C6E3690000E8CD2 /* PBXContainerItemProxy */;
		};
/* End PBXTargetDependency section */

/* Begin PBXVariantGroup section */
		CDCD85C71C6E3690000E8CD2 /* Main.storyboard */ = {
			isa = PBXVariantGroup;
			children = (
				CDCD85C81C6E3690000E8CD2 /* Base */,
			);
			name = Main.storyboard;
			sourceTree = "<group>";
		};
		CDCD85CC1C6E3690000E8CD2 /* LaunchScreen.storyboard */ = {
			isa = PBXVariantGroup;
			children = (
				CDCD85CD1C6E3690000E8CD2 /* Base */,
			);
			name = LaunchScreen.storyboard;
			sourceTree = "<group>";
		};
/* End PBXVariantGroup section */

/* Begin XCBuildConfiguration section */
		CDCD85E61C6E3690000E8CD2 /* Debug */ = {
			isa = XCBuildConfiguration;
			buildSettings = {
				ALWAYS_SEARCH_USER_PATHS = NO;
				CLANG_CXX_LANGUAGE_STANDARD = "gnu++0x";
				CLANG_CXX_LIBRARY = "libc++";
				CLANG_ENABLE_MODULES = YES;
				CLANG_ENABLE_OBJC_ARC = YES;
				CLANG_WARN_BOOL_CONVERSION = YES;
				CLANG_WARN_CONSTANT_CONVERSION = YES;
				CLANG_WARN_DIRECT_OBJC_ISA_USAGE = YES_ERROR;
				CLANG_WARN_EMPTY_BODY = YES;
				CLANG_WARN_ENUM_CONVERSION = YES;
				CLANG_WARN_INT_CONVERSION = YES;
				CLANG_WARN_OBJC_ROOT_CLASS = YES_ERROR;
				CLANG_WARN_UNREACHABLE_CODE = YES;
				CLANG_WARN__DUPLICATE_METHOD_MATCH = YES;
				"CODE_SIGN_IDENTITY[sdk=iphoneos*]" = "iPhone Developer";
				COPY_PHASE_STRIP = NO;
				DEBUG_INFORMATION_FORMAT = dwarf;
				ENABLE_STRICT_OBJC_MSGSEND = YES;
				ENABLE_TESTABILITY = YES;
				GCC_C_LANGUAGE_STANDARD = gnu99;
				GCC_DYNAMIC_NO_PIC = NO;
				GCC_NO_COMMON_BLOCKS = YES;
				GCC_OPTIMIZATION_LEVEL = 0;
				GCC_PREPROCESSOR_DEFINITIONS = (
					"DEBUG=1",
					"$(inherited)",
				);
				GCC_WARN_64_TO_32_BIT_CONVERSION = YES;
				GCC_WARN_ABOUT_RETURN_TYPE = YES_ERROR;
				GCC_WARN_UNDECLARED_SELECTOR = YES;
				GCC_WARN_UNINITIALIZED_AUTOS = YES_AGGRESSIVE;
				GCC_WARN_UNUSED_FUNCTION = YES;
				GCC_WARN_UNUSED_VARIABLE = YES;
				IPHONEOS_DEPLOYMENT_TARGET = 9.2;
				MTL_ENABLE_DEBUG_INFO = YES;
				ONLY_ACTIVE_ARCH = YES;
				PROVISIONING_PROFILE = "7924822f-f943-403a-97b7-c5c4a8701b3e";
				SDKROOT = iphoneos;
				SWIFT_OPTIMIZATION_LEVEL = "-Onone";
				TVOS_DEPLOYMENT_TARGET = 9.1;
				VERSIONING_SYSTEM = "apple-generic";
				WATCHOS_DEPLOYMENT_TARGET = 2.1;
			};
			name = Debug;
		};
		CDCD85E71C6E3690000E8CD2 /* Release */ = {
			isa = XCBuildConfiguration;
			buildSettings = {
				ALWAYS_SEARCH_USER_PATHS = NO;
				CLANG_CXX_LANGUAGE_STANDARD = "gnu++0x";
				CLANG_CXX_LIBRARY = "libc++";
				CLANG_ENABLE_MODULES = YES;
				CLANG_ENABLE_OBJC_ARC = YES;
				CLANG_WARN_BOOL_CONVERSION = YES;
				CLANG_WARN_CONSTANT_CONVERSION = YES;
				CLANG_WARN_DIRECT_OBJC_ISA_USAGE = YES_ERROR;
				CLANG_WARN_EMPTY_BODY = YES;
				CLANG_WARN_ENUM_CONVERSION = YES;
				CLANG_WARN_INT_CONVERSION = YES;
				CLANG_WARN_OBJC_ROOT_CLASS = YES_ERROR;
				CLANG_WARN_UNREACHABLE_CODE = YES;
				CLANG_WARN__DUPLICATE_METHOD_MATCH = YES;
				"CODE_SIGN_IDENTITY[sdk=iphoneos*]" = "iPhone Developer";
				COPY_PHASE_STRIP = NO;
				DEBUG_INFORMATION_FORMAT = "dwarf-with-dsym";
				ENABLE_NS_ASSERTIONS = NO;
				ENABLE_STRICT_OBJC_MSGSEND = YES;
				GCC_C_LANGUAGE_STANDARD = gnu99;
				GCC_NO_COMMON_BLOCKS = YES;
				GCC_WARN_64_TO_32_BIT_CONVERSION = YES;
				GCC_WARN_ABOUT_RETURN_TYPE = YES_ERROR;
				GCC_WARN_UNDECLARED_SELECTOR = YES;
				GCC_WARN_UNINITIALIZED_AUTOS = YES_AGGRESSIVE;
				GCC_WARN_UNUSED_FUNCTION = YES;
				GCC_WARN_UNUSED_VARIABLE = YES;
				IPHONEOS_DEPLOYMENT_TARGET = 9.2;
				MTL_ENABLE_DEBUG_INFO = NO;
				PROVISIONING_PROFILE = "7924822f-f943-403a-97b7-c5c4a8701b3e";
				SDKROOT = iphoneos;
				TVOS_DEPLOYMENT_TARGET = 9.1;
				VALIDATE_PRODUCT = YES;
				VERSIONING_SYSTEM = "apple-generic";
				WATCHOS_DEPLOYMENT_TARGET = 2.1;
			};
			name = Release;
		};
		CDCD85E91C6E3690000E8CD2 /* Debug */ = {
			isa = XCBuildConfiguration;
			buildSettings = {
				ASSETCATALOG_COMPILER_APPICON_NAME = AppIcon;
				CODE_SIGN_ENTITLEMENTS = tvenkat/tvenkat.entitlements;
				CODE_SIGN_IDENTITY = "iPhone Developer";
				"CODE_SIGN_IDENTITY[sdk=iphoneos*]" = "iPhone Developer";
				INFOPLIST_FILE = tvenkat/Info.plist;
				LD_RUNPATH_SEARCH_PATHS = "$(inherited) @executable_path/Frameworks";
				MTL_ENABLE_DEBUG_INFO = YES;
				PRODUCT_BUNDLE_IDENTIFIER = com.tvenkat.tvenkat;
				PRODUCT_NAME = "$(TARGET_NAME)";
				PROVISIONING_PROFILE = "";
				TARGETED_DEVICE_FAMILY = "1,2";
			};
			name = Debug;
		};
		CDCD85EA1C6E3690000E8CD2 /* Release */ = {
			isa = XCBuildConfiguration;
			buildSettings = {
				ASSETCATALOG_COMPILER_APPICON_NAME = AppIcon;
				CODE_SIGN_ENTITLEMENTS = tvenkat/tvenkat.entitlements;
				CODE_SIGN_IDENTITY = "iPhone Developer";
				"CODE_SIGN_IDENTITY[sdk=iphoneos*]" = "iPhone Developer";
				INFOPLIST_FILE = tvenkat/Info.plist;
				LD_RUNPATH_SEARCH_PATHS = "$(inherited) @executable_path/Frameworks";
				MTL_ENABLE_DEBUG_INFO = NO;
				PRODUCT_BUNDLE_IDENTIFIER = com.tvenkat.tvenkat;
				PRODUCT_NAME = "$(TARGET_NAME)";
				PROVISIONING_PROFILE = "";
				TARGETED_DEVICE_FAMILY = "1,2";
			};
			name = Release;
		};
		CDCD85EC1C6E3690000E8CD2 /* Debug */ = {
			isa = XCBuildConfiguration;
			buildSettings = {
				BUNDLE_LOADER = "$(TEST_HOST)";
				INFOPLIST_FILE = tvenkatTests/Info.plist;
				LD_RUNPATH_SEARCH_PATHS = "$(inherited) @executable_path/Frameworks @loader_path/Frameworks";
				PRODUCT_BUNDLE_IDENTIFIER = com.tvenkat.tvenkatTests;
				PRODUCT_NAME = "$(TARGET_NAME)";
				TEST_HOST = "$(BUILT_PRODUCTS_DIR)/tvenkat.app/tvenkat";
			};
			name = Debug;
		};
		CDCD85ED1C6E3690000E8CD2 /* Release */ = {
			isa = XCBuildConfiguration;
			buildSettings = {
				BUNDLE_LOADER = "$(TEST_HOST)";
				INFOPLIST_FILE = tvenkatTests/Info.plist;
				LD_RUNPATH_SEARCH_PATHS = "$(inherited) @executable_path/Frameworks @loader_path/Frameworks";
				PRODUCT_BUNDLE_IDENTIFIER = com.tvenkat.tvenkatTests;
				PRODUCT_NAME = "$(TARGET_NAME)";
				TEST_HOST = "$(BUILT_PRODUCTS_DIR)/tvenkat.app/tvenkat";
			};
			name = Release;
		};
		CDCD85EF1C6E3690000E8CD2 /* Debug */ = {
			isa = XCBuildConfiguration;
			buildSettings = {
				INFOPLIST_FILE = tvenkatUITests/Info.plist;
				LD_RUNPATH_SEARCH_PATHS = "$(inherited) @executable_path/Frameworks @loader_path/Frameworks";
				PRODUCT_BUNDLE_IDENTIFIER = com.tvenkat.tvenkatUITests;
				PRODUCT_NAME = "$(TARGET_NAME)";
				TEST_TARGET_NAME = tvenkat;
				USES_XCTRUNNER = YES;
			};
			name = Debug;
		};
		CDCD85F01C6E3690000E8CD2 /* Release */ = {
			isa = XCBuildConfiguration;
			buildSettings = {
				INFOPLIST_FILE = tvenkatUITests/Info.plist;
				LD_RUNPATH_SEARCH_PATHS = "$(inherited) @executable_path/Frameworks @loader_path/Frameworks";
				PRODUCT_BUNDLE_IDENTIFIER = com.tvenkat.tvenkatUITests;
				PRODUCT_NAME = "$(TARGET_NAME)";
				TEST_TARGET_NAME = tvenkat;
				USES_XCTRUNNER = YES;
			};
			name = Release;
		};
/* End XCBuildConfiguration section */

/* Begin XCConfigurationList section */
		CDCD85BB1C6E3690000E8CD2 /* Build configuration list for PBXProject "tvenkat" */ = {
			isa = XCConfigurationList;
			buildConfigurations = (
				CDCD85E61C6E3690000E8CD2 /* Debug */,
				CDCD85E71C6E3690000E8CD2 /* Release */,
			);
			defaultConfigurationIsVisible = 0;
			defaultConfigurationName = Release;
		};
		CDCD85E81C6E3690000E8CD2 /* Build configuration list for PBXNativeTarget "tvenkat" */ = {
			isa = XCConfigurationList;
			buildConfigurations = (
				CDCD85E91C6E3690000E8CD2 /* Debug */,
				CDCD85EA1C6E3690000E8CD2 /* Release */,
			);
			defaultConfigurationIsVisible = 0;
			defaultConfigurationName = Release;
		};
		CDCD85EB1C6E3690000E8CD2 /* Build configuration list for PBXNativeTarget "tvenkatTests" */ = {
			isa = XCConfigurationList;
			buildConfigurations = (
				CDCD85EC1C6E3690000E8CD2 /* Debug */,
				CDCD85ED1C6E3690000E8CD2 /* Release */,
			);
			defaultConfigurationIsVisible = 0;
			defaultConfigurationName = Release;
		};
		CDCD85EE1C6E3690000E8CD2 /* Build configuration list for PBXNativeTarget "tvenkatUITests" */ = {
			isa = XCConfigurationList;
			buildConfigurations = (
				CDCD85EF1C6E3690000E8CD2 /* Debug */,
				CDCD85F01C6E3690000E8CD2 /* Release */,
			);
			defaultConfigurationIsVisible = 0;
			defaultConfigurationName = Release;
		};
/* End XCConfigurationList section */
	};
	rootObject = CDCD85B81C6E3690000E8CD2 /* Project object */;
}
